# This is a Gradle generated file for dependency locking.
# Manual edits can break the build and are not advised.
# This file is expected to be part of source control.
com.gradle.plugin-publish:com.gradle.plugin-publish.gradle.plugin:1.2.1=classpath
com.gradle.publish:plugin-publish-plugin:1.2.1=classpath
io.github.joselion.pretty-jupiter:io.github.joselion.pretty-jupiter.gradle.plugin:3.2.0=classpath
io.github.joselion.strict-null-check:io.github.joselion.strict-null-check.gradle.plugin:3.2.0=classpath
io.github.joselion:maybe:3.3.1=classpath
io.github.joselion:pretty-jupiter:3.2.0=classpath
io.github.joselion:strict-null-check:3.2.0=classpath
name.remal.gradle-plugins.sonarlint:sonarlint:3.4.4=classpath
name.remal.sonarlint:name.remal.sonarlint.gradle.plugin:3.4.4=classpath
org.apache.maven:maven-model:3.6.3=classpath
empty=
