# This is a Gradle generated file for dependency locking.
# Manual edits can break the build and are not advised.
# This file is expected to be part of source control.
com.github.javaparser:javaparser-core:3.23.0=codenarc
com.thoughtworks.qdox:qdox:1.12.1=codenarc
net.bytebuddy:byte-buddy:1.14.7=testRuntimeClasspath
org.apache.ant:ant-antlr:1.10.11=codenarc
org.apache.ant:ant-junit:1.10.11=codenarc
org.apiguardian:apiguardian-api:1.1.2=e2eCompileClasspath,testCompileClasspath
org.codehaus.groovy:groovy-ant:3.0.9=codenarc
org.codehaus.groovy:groovy-docgenerator:3.0.9=codenarc
org.codehaus.groovy:groovy-groovydoc:3.0.9=codenarc
org.codehaus.groovy:groovy-json:3.0.9=codenarc
org.codehaus.groovy:groovy-templates:3.0.9=codenarc
org.codehaus.groovy:groovy-xml:3.0.9=codenarc
org.codehaus.groovy:groovy:3.0.13=e2eCompileClasspath,e2eRuntimeClasspath,testCompileClasspath,testRuntimeClasspath
org.codehaus.groovy:groovy:3.0.9=codenarc
org.codenarc:CodeNarc:3.3.0=codenarc
org.gmetrics:GMetrics:2.1.0=codenarc
org.hamcrest:hamcrest:2.2=e2eCompileClasspath,e2eRuntimeClasspath,testCompileClasspath,testRuntimeClasspath
org.jacoco:org.jacoco.agent:0.8.10=jacocoAgent,jacocoAnt
org.jacoco:org.jacoco.ant:0.8.10=jacocoAnt
org.jacoco:org.jacoco.core:0.8.10=jacocoAnt
org.jacoco:org.jacoco.report:0.8.10=jacocoAnt
org.junit.platform:junit-platform-commons:1.9.0=e2eCompileClasspath,e2eRuntimeClasspath,testCompileClasspath,testRuntimeClasspath
org.junit.platform:junit-platform-engine:1.9.0=e2eCompileClasspath,e2eRuntimeClasspath,testCompileClasspath,testRuntimeClasspath
org.junit.platform:junit-platform-launcher:1.9.0=e2eRuntimeClasspath,testRuntimeClasspath
org.junit:junit-bom:5.9.0=e2eCompileClasspath,e2eRuntimeClasspath,testCompileClasspath,testRuntimeClasspath
org.objenesis:objenesis:3.3=testRuntimeClasspath
org.opentest4j:opentest4j:1.2.0=e2eCompileClasspath,e2eRuntimeClasspath,testCompileClasspath,testRuntimeClasspath
org.ow2.asm:asm-commons:9.5=jacocoAnt
org.ow2.asm:asm-tree:9.5=jacocoAnt
org.ow2.asm:asm:9.5=jacocoAnt
org.spockframework:spock-core:2.4-M1-groovy-3.0=e2eCompileClasspath,e2eRuntimeClasspath,testCompileClasspath,testRuntimeClasspath
empty=annotationProcessor,compileClasspath,e2eAnnotationProcessor,runtimeClasspath,testAnnotationProcessor
