# This is a Gradle generated file for dependency locking.
# Manual edits can break the build and are not advised.
# This file is expected to be part of source control.
cglib:cglib-nodep:3.3.0=e2eCompileClasspath,e2eRuntimeClasspath,testCompileClasspath,testRuntimeClasspath
com.beust:jcommander:1.78=e2eRuntimeClasspath,runtimeClasspath,testRuntimeClasspath
com.github.javaparser:javaparser-core:3.18.0=compileClasspath,e2eCompileClasspath,e2eRuntimeClasspath,runtimeClasspath,testCompileClasspath,testRuntimeClasspath
com.thoughtworks.qdox:qdox:1.12.1=e2eRuntimeClasspath,runtimeClasspath,testRuntimeClasspath
info.picocli:picocli:4.5.2=e2eRuntimeClasspath,runtimeClasspath,testRuntimeClasspath
jline:jline:2.14.6=e2eRuntimeClasspath,runtimeClasspath,testRuntimeClasspath
junit:junit:4.13.2=compileClasspath,e2eCompileClasspath,e2eRuntimeClasspath,runtimeClasspath,testCompileClasspath,testRuntimeClasspath
net.bytebuddy:byte-buddy:1.11.0=e2eCompileClasspath,e2eRuntimeClasspath,testCompileClasspath
net.bytebuddy:byte-buddy:1.11.14=testRuntimeClasspath
org.apache.ant:ant-antlr:1.10.9=e2eRuntimeClasspath,runtimeClasspath,testRuntimeClasspath
org.apache.ant:ant-antlr:1.9.15=codenarc
org.apache.ant:ant-junit:1.10.9=e2eRuntimeClasspath,runtimeClasspath,testRuntimeClasspath
org.apache.ant:ant-junit:1.9.15=codenarc
org.apache.ant:ant-launcher:1.10.9=e2eRuntimeClasspath,runtimeClasspath,testRuntimeClasspath
org.apache.ant:ant:1.10.9=compileClasspath,e2eCompileClasspath,e2eRuntimeClasspath,runtimeClasspath,testCompileClasspath,testRuntimeClasspath
org.apiguardian:apiguardian-api:1.1.0=e2eCompileClasspath,e2eRuntimeClasspath,testCompileClasspath,testRuntimeClasspath
org.assertj:assertj-core:3.16.1=e2eCompileClasspath,e2eRuntimeClasspath,testCompileClasspath,testRuntimeClasspath
org.codehaus.groovy:groovy-all:3.0.8=compileClasspath,e2eCompileClasspath,e2eRuntimeClasspath,runtimeClasspath,testCompileClasspath,testRuntimeClasspath
org.codehaus.groovy:groovy-ant:2.5.14=codenarc
org.codehaus.groovy:groovy-ant:3.0.8=compileClasspath,e2eCompileClasspath,e2eRuntimeClasspath,runtimeClasspath,testCompileClasspath,testRuntimeClasspath
org.codehaus.groovy:groovy-astbuilder:3.0.8=compileClasspath,e2eCompileClasspath,e2eRuntimeClasspath,runtimeClasspath,testCompileClasspath,testRuntimeClasspath
org.codehaus.groovy:groovy-cli-picocli:3.0.8=compileClasspath,e2eCompileClasspath,e2eRuntimeClasspath,runtimeClasspath,testCompileClasspath,testRuntimeClasspath
org.codehaus.groovy:groovy-console:3.0.8=compileClasspath,e2eCompileClasspath,e2eRuntimeClasspath,runtimeClasspath,testCompileClasspath,testRuntimeClasspath
org.codehaus.groovy:groovy-datetime:3.0.8=compileClasspath,e2eCompileClasspath,e2eRuntimeClasspath,runtimeClasspath,testCompileClasspath,testRuntimeClasspath
org.codehaus.groovy:groovy-docgenerator:3.0.8=compileClasspath,e2eCompileClasspath,e2eRuntimeClasspath,runtimeClasspath,testCompileClasspath,testRuntimeClasspath
org.codehaus.groovy:groovy-groovydoc:2.5.14=codenarc
org.codehaus.groovy:groovy-groovydoc:3.0.8=compileClasspath,e2eCompileClasspath,e2eRuntimeClasspath,runtimeClasspath,testCompileClasspath,testRuntimeClasspath
org.codehaus.groovy:groovy-groovysh:3.0.8=compileClasspath,e2eCompileClasspath,e2eRuntimeClasspath,runtimeClasspath,testCompileClasspath,testRuntimeClasspath
org.codehaus.groovy:groovy-jmx:3.0.8=compileClasspath,e2eCompileClasspath,e2eRuntimeClasspath,runtimeClasspath,testCompileClasspath,testRuntimeClasspath
org.codehaus.groovy:groovy-json:2.5.14=codenarc
org.codehaus.groovy:groovy-json:3.0.8=compileClasspath,e2eCompileClasspath,e2eRuntimeClasspath,runtimeClasspath,testCompileClasspath,testRuntimeClasspath
org.codehaus.groovy:groovy-jsr223:3.0.8=compileClasspath,e2eCompileClasspath,e2eRuntimeClasspath,runtimeClasspath,testCompileClasspath,testRuntimeClasspath
org.codehaus.groovy:groovy-macro:3.0.8=compileClasspath,e2eCompileClasspath,e2eRuntimeClasspath,runtimeClasspath,testCompileClasspath,testRuntimeClasspath
org.codehaus.groovy:groovy-nio:3.0.8=compileClasspath,e2eCompileClasspath,e2eRuntimeClasspath,runtimeClasspath,testCompileClasspath,testRuntimeClasspath
org.codehaus.groovy:groovy-servlet:3.0.8=compileClasspath,e2eCompileClasspath,e2eRuntimeClasspath,runtimeClasspath,testCompileClasspath,testRuntimeClasspath
org.codehaus.groovy:groovy-sql:3.0.8=compileClasspath,e2eCompileClasspath,e2eRuntimeClasspath,runtimeClasspath,testCompileClasspath,testRuntimeClasspath
org.codehaus.groovy:groovy-swing:3.0.8=compileClasspath,e2eCompileClasspath,e2eRuntimeClasspath,runtimeClasspath,testCompileClasspath,testRuntimeClasspath
org.codehaus.groovy:groovy-templates:2.5.14=codenarc
org.codehaus.groovy:groovy-templates:3.0.8=compileClasspath,e2eCompileClasspath,e2eRuntimeClasspath,runtimeClasspath,testCompileClasspath,testRuntimeClasspath
org.codehaus.groovy:groovy-test-junit5:3.0.8=compileClasspath,e2eCompileClasspath,e2eRuntimeClasspath,runtimeClasspath,testCompileClasspath,testRuntimeClasspath
org.codehaus.groovy:groovy-test:3.0.8=compileClasspath,e2eCompileClasspath,e2eRuntimeClasspath,runtimeClasspath,testCompileClasspath,testRuntimeClasspath
org.codehaus.groovy:groovy-testng:3.0.8=compileClasspath,e2eCompileClasspath,e2eRuntimeClasspath,runtimeClasspath,testCompileClasspath,testRuntimeClasspath
org.codehaus.groovy:groovy-xml:2.5.14=codenarc
org.codehaus.groovy:groovy-xml:3.0.8=compileClasspath,e2eCompileClasspath,e2eRuntimeClasspath,runtimeClasspath,testCompileClasspath,testRuntimeClasspath
org.codehaus.groovy:groovy:2.5.14=codenarc
org.codehaus.groovy:groovy:3.0.8=compileClasspath,e2eCompileClasspath,e2eRuntimeClasspath,runtimeClasspath,testCompileClasspath,testRuntimeClasspath
org.codenarc:CodeNarc:2.2.0=codenarc
org.gmetrics:GMetrics:1.1=codenarc
org.hamcrest:hamcrest-core:1.3=compileClasspath,e2eCompileClasspath,e2eRuntimeClasspath,runtimeClasspath,testCompileClasspath,testRuntimeClasspath
org.hamcrest:hamcrest:2.2=e2eCompileClasspath,e2eRuntimeClasspath,testCompileClasspath,testRuntimeClasspath
org.jacoco:org.jacoco.agent:0.8.7=jacocoAgent,jacocoAnt
org.jacoco:org.jacoco.ant:0.8.7=jacocoAnt
org.jacoco:org.jacoco.core:0.8.7=jacocoAnt
org.jacoco:org.jacoco.report:0.8.7=jacocoAnt
org.jetbrains:annotations:20.1.0=e2eCompileClasspath,e2eRuntimeClasspath,testCompileClasspath,testRuntimeClasspath
org.junit.jupiter:junit-jupiter-api:5.7.0=compileClasspath,runtimeClasspath
org.junit.jupiter:junit-jupiter-api:5.7.2=e2eCompileClasspath,e2eRuntimeClasspath,testCompileClasspath,testRuntimeClasspath
org.junit.jupiter:junit-jupiter-engine:5.7.0=runtimeClasspath
org.junit.jupiter:junit-jupiter-engine:5.7.2=e2eRuntimeClasspath,testRuntimeClasspath
org.junit.platform:junit-platform-commons:1.7.0=runtimeClasspath
org.junit.platform:junit-platform-commons:1.7.2=e2eCompileClasspath,e2eRuntimeClasspath,testCompileClasspath,testRuntimeClasspath
org.junit.platform:junit-platform-engine:1.7.0=runtimeClasspath
org.junit.platform:junit-platform-engine:1.7.2=e2eCompileClasspath,e2eRuntimeClasspath,testCompileClasspath,testRuntimeClasspath
org.junit.platform:junit-platform-launcher:1.7.0=runtimeClasspath
org.junit.platform:junit-platform-launcher:1.7.2=e2eCompileClasspath,e2eRuntimeClasspath,testCompileClasspath,testRuntimeClasspath
org.junit.platform:junit-platform-testkit:1.7.2=e2eCompileClasspath,e2eRuntimeClasspath,testCompileClasspath,testRuntimeClasspath
org.junit:junit-bom:5.7.0=compileClasspath,runtimeClasspath
org.junit:junit-bom:5.7.2=e2eCompileClasspath,e2eRuntimeClasspath,testCompileClasspath,testRuntimeClasspath
org.objenesis:objenesis:3.2=e2eCompileClasspath,e2eRuntimeClasspath,testCompileClasspath,testRuntimeClasspath
org.opentest4j:opentest4j:1.2.0=compileClasspath,e2eCompileClasspath,e2eRuntimeClasspath,runtimeClasspath,testCompileClasspath,testRuntimeClasspath
org.ow2.asm:asm-analysis:9.1=jacocoAnt
org.ow2.asm:asm-commons:9.1=jacocoAnt
org.ow2.asm:asm-tree:9.1=jacocoAnt
org.ow2.asm:asm:9.1=e2eCompileClasspath,e2eRuntimeClasspath,jacocoAnt,testCompileClasspath,testRuntimeClasspath
org.spockframework:spock-core:2.0-groovy-3.0=e2eCompileClasspath,e2eRuntimeClasspath,testCompileClasspath,testRuntimeClasspath
org.testng:testng:7.4.0=e2eRuntimeClasspath,runtimeClasspath,testRuntimeClasspath
org.webjars:jquery:3.5.1=e2eRuntimeClasspath,runtimeClasspath,testRuntimeClasspath
empty=annotationProcessor,e2eAnnotationProcessor,testAnnotationProcessor
