# This is a Gradle generated file for dependency locking.
# Manual edits can break the build and are not advised.
# This file is expected to be part of source control.
org.apache.ant:ant-antlr:1.9.15
org.apache.ant:ant-junit:1.9.15
org.codehaus.groovy:groovy-ant:2.5.12
org.codehaus.groovy:groovy-groovydoc:2.5.12
org.codehaus.groovy:groovy-json:2.5.12
org.codehaus.groovy:groovy-templates:2.5.12
org.codehaus.groovy:groovy-xml:2.5.12
org.codehaus.groovy:groovy:2.5.12
org.codenarc:CodeNarc:2.0.0
org.gmetrics:GMetrics:1.1
